
Microsoft Visual Studio Solution File, Format Version 12.00
# Visual Studio Version 16
VisualStudioVersion = 16.0.30717.126
MinimumVisualStudioVersion = 10.0.40219.1
Project("{9A19103F-16F7-4668-BE54-9A1E7A4F7556}") = "Notenverwaltung.WPFCore.App", "Notenverwaltung.WPF.App\Notenverwaltung.WPFCore.App.csproj", "{26F2A143-3888-4201-8DC9-3FF6974A1C2E}"
EndProject
Project("{2150E333-8FDC-42A3-9474-1A3956D46DE8}") = "Solution Items", "Solution Items", "{A8A45D0E-94FB-4E37-B426-4506E9649225}"
	ProjectSection(SolutionItems) = preProject
		Code Rules.ruleset = Code Rules.ruleset
		CodeMaid.config = CodeMaid.config
		netcore.targets = netcore.targets
	EndProjectSection
EndProject
Project("{2150E333-8FDC-42A3-9474-1A3956D46DE8}") = "Base", "Base", "{28E8C7BC-B50A-449A-A7C7-84BA2F39892B}"
EndProject
Project("{2150E333-8FDC-42A3-9474-1A3956D46DE8}") = "Target", "Target", "{21F58B24-0042-46CA-9CF6-393A7D1F9F49}"
EndProject
Project("{9A19103F-16F7-4668-BE54-9A1E7A4F7556}") = "Notenverwaltung.Test", "Notenverwaltung.Test\Notenverwaltung.Test.csproj", "{8332B18F-FC08-406A-8D27-539792E6B3D2}"
EndProject
Project("{9A19103F-16F7-4668-BE54-9A1E7A4F7556}") = "Notenverwaltung.Core", "Notenverwaltung.Core\Notenverwaltung.Core.csproj", "{F2BFDF68-85D3-4D1F-A6AD-A184F792CE98}"
EndProject
Project("{9A19103F-16F7-4668-BE54-9A1E7A4F7556}") = "Notenverwaltung.WPF.UI", "Notenverwaltung.WPF.UI\Notenverwaltung.WPF.UI.csproj", "{211046FA-2027-4C49-8A26-42023479DFB0}"
EndProject
Project("{9A19103F-16F7-4668-BE54-9A1E7A4F7556}") = "WebAPI", "WebAPI\WebAPI.csproj", "{9B030328-AA6A-4CAF-87A0-B8C723A3F4B0}"
EndProject
Project("{9A19103F-16F7-4668-BE54-9A1E7A4F7556}") = "Data", "Data\Data.csproj", "{D2B942AD-5284-4416-8A91-64C9493B1743}"
EndProject
Global
	GlobalSection(SolutionConfigurationPlatforms) = preSolution
		Debug|Any CPU = Debug|Any CPU
		Release|Any CPU = Release|Any CPU
	EndGlobalSection
	GlobalSection(ProjectConfigurationPlatforms) = postSolution
		{26F2A143-3888-4201-8DC9-3FF6974A1C2E}.Debug|Any CPU.ActiveCfg = Debug|Any CPU
		{26F2A143-3888-4201-8DC9-3FF6974A1C2E}.Debug|Any CPU.Build.0 = Debug|Any CPU
		{26F2A143-3888-4201-8DC9-3FF6974A1C2E}.Release|Any CPU.ActiveCfg = Release|Any CPU
		{26F2A143-3888-4201-8DC9-3FF6974A1C2E}.Release|Any CPU.Build.0 = Release|Any CPU
		{8332B18F-FC08-406A-8D27-539792E6B3D2}.Debug|Any CPU.ActiveCfg = Debug|Any CPU
		{8332B18F-FC08-406A-8D27-539792E6B3D2}.Debug|Any CPU.Build.0 = Debug|Any CPU
		{8332B18F-FC08-406A-8D27-539792E6B3D2}.Release|Any CPU.ActiveCfg = Release|Any CPU
		{8332B18F-FC08-406A-8D27-539792E6B3D2}.Release|Any CPU.Build.0 = Release|Any CPU
		{F2BFDF68-85D3-4D1F-A6AD-A184F792CE98}.Debug|Any CPU.ActiveCfg = Debug|Any CPU
		{F2BFDF68-85D3-4D1F-A6AD-A184F792CE98}.Debug|Any CPU.Build.0 = Debug|Any CPU
		{F2BFDF68-85D3-4D1F-A6AD-A184F792CE98}.Release|Any CPU.ActiveCfg = Release|Any CPU
		{F2BFDF68-85D3-4D1F-A6AD-A184F792CE98}.Release|Any CPU.Build.0 = Release|Any CPU
		{211046FA-2027-4C49-8A26-42023479DFB0}.Debug|Any CPU.ActiveCfg = Debug|Any CPU
		{211046FA-2027-4C49-8A26-42023479DFB0}.Debug|Any CPU.Build.0 = Debug|Any CPU
		{211046FA-2027-4C49-8A26-42023479DFB0}.Release|Any CPU.ActiveCfg = Release|Any CPU
		{211046FA-2027-4C49-8A26-42023479DFB0}.Release|Any CPU.Build.0 = Release|Any CPU
		{9B030328-AA6A-4CAF-87A0-B8C723A3F4B0}.Debug|Any CPU.ActiveCfg = Debug|Any CPU
		{9B030328-AA6A-4CAF-87A0-B8C723A3F4B0}.Debug|Any CPU.Build.0 = Debug|Any CPU
		{9B030328-AA6A-4CAF-87A0-B8C723A3F4B0}.Release|Any CPU.ActiveCfg = Release|Any CPU
		{9B030328-AA6A-4CAF-87A0-B8C723A3F4B0}.Release|Any CPU.Build.0 = Release|Any CPU
		{D2B942AD-5284-4416-8A91-64C9493B1743}.Debug|Any CPU.ActiveCfg = Debug|Any CPU
		{D2B942AD-5284-4416-8A91-64C9493B1743}.Debug|Any CPU.Build.0 = Debug|Any CPU
		{D2B942AD-5284-4416-8A91-64C9493B1743}.Release|Any CPU.ActiveCfg = Release|Any CPU
		{D2B942AD-5284-4416-8A91-64C9493B1743}.Release|Any CPU.Build.0 = Release|Any CPU
	EndGlobalSection
	GlobalSection(SolutionProperties) = preSolution
		HideSolutionNode = FALSE
	EndGlobalSection
	GlobalSection(NestedProjects) = preSolution
		{26F2A143-3888-4201-8DC9-3FF6974A1C2E} = {21F58B24-0042-46CA-9CF6-393A7D1F9F49}
		{F2BFDF68-85D3-4D1F-A6AD-A184F792CE98} = {28E8C7BC-B50A-449A-A7C7-84BA2F39892B}
		{211046FA-2027-4C49-8A26-42023479DFB0} = {28E8C7BC-B50A-449A-A7C7-84BA2F39892B}
		{D2B942AD-5284-4416-8A91-64C9493B1743} = {28E8C7BC-B50A-449A-A7C7-84BA2F39892B}
	EndGlobalSection
	GlobalSection(ExtensibilityGlobals) = postSolution
		SolutionGuid = {379D004F-1E8E-47C7-8544-1C7F49A49EC8}
	EndGlobalSection
EndGlobal
